
Microsoft Visual Studio Solution File, Format Version 12.00
# Visual Studio Version 16
VisualStudioVersion = 16.0.32413.511
MinimumVisualStudioVersion = 10.0.40219.1
Project("{FAE04EC0-301F-11D3-BF4B-00C04F79EFBC}") = "MyOwnProject", "MyOwnProject\MyOwnProject.csproj", "{DBA8E603-A710-48AA-AF55-1CFFCF518CD2}"
EndProject
Project("{FAE04EC0-301F-11D3-BF4B-00C04F79EFBC}") = "MyOwnProject.Tests", "MyOwnProject.Tests\MyOwnProject.Tests.csproj", "{0A71270D-09BE-41BB-BE78-6023FAE29F13}"
EndProject
Global
	GlobalSection(SolutionConfigurationPlatforms) = preSolution
		Debug|Any CPU = Debug|Any CPU
		Release|Any CPU = Release|Any CPU
	EndGlobalSection
	GlobalSection(ProjectConfigurationPlatforms) = postSolution
		{DBA8E603-A710-48AA-AF55-1CFFCF518CD2}.Debug|Any CPU.ActiveCfg = Debug|Any CPU
		{DBA8E603-A710-48AA-AF55-1CFFCF518CD2}.Debug|Any CPU.Build.0 = Debug|Any CPU
		{DBA8E603-A710-48AA-AF55-1CFFCF518CD2}.Release|Any CPU.ActiveCfg = Release|Any CPU
		{DBA8E603-A710-48AA-AF55-1CFFCF518CD2}.Release|Any CPU.Build.0 = Release|Any CPU
		{0A71270D-09BE-41BB-BE78-6023FAE29F13}.Debug|Any CPU.ActiveCfg = Debug|Any CPU
		{0A71270D-09BE-41BB-BE78-6023FAE29F13}.Debug|Any CPU.Build.0 = Debug|Any CPU
		{0A71270D-09BE-41BB-BE78-6023FAE29F13}.Release|Any CPU.ActiveCfg = Release|Any CPU
		{0A71270D-09BE-41BB-BE78-6023FAE29F13}.Release|Any CPU.Build.0 = Release|Any CPU
	EndGlobalSection
	GlobalSection(SolutionProperties) = preSolution
		HideSolutionNode = FALSE
	EndGlobalSection
	GlobalSection(ExtensibilityGlobals) = postSolution
		SolutionGuid = {B0BA53A0-7206-4692-B836-5247657A09FE}
	EndGlobalSection
EndGlobal
